// !$*UTF8*$!
{
	archiveVersion = 1;
	classes = {
	};
	objectVersion = 77;
	objects = {

/* Begin PBXBuildFile section */
		F84F37A22DBEBFE700AC93E5 /* FirebaseDatabase in Frameworks */ = {isa = PBXBuildFile; productRef = F84F37A12DBEBFE700AC93E5 /* FirebaseDatabase */; };
		F8ED8E112DB72D1800E5CFFD /* FirebaseAnalytics in Frameworks */ = {isa = PBXBuildFile; productRef = F8ED8E102DB72D1800E5CFFD /* FirebaseAnalytics */; };
		F8ED8E132DB72D1800E5CFFD /* FirebaseAuth in Frameworks */ = {isa = PBXBuildFile; productRef = F8ED8E122DB72D1800E5CFFD /* FirebaseAuth */; };
		F8ED8E152DB72D1800E5CFFD /* FirebaseCore in Frameworks */ = {isa = PBXBuildFile; productRef = F8ED8E142DB72D1800E5CFFD /* FirebaseCore */; };
		F8ED8E172DB72D1800E5CFFD /* FirebaseCrashlytics in Frameworks */ = {isa = PBXBuildFile; productRef = F8ED8E162DB72D1800E5CFFD /* FirebaseCrashlytics */; };
		F8ED8E192DB72D1800E5CFFD /* FirebaseFirestore in Frameworks */ = {isa = PBXBuildFile; productRef = F8ED8E182DB72D1800E5CFFD /* FirebaseFirestore */; };
/* End PBXBuildFile section */

/* Begin PBXFileReference section */
		5532F9DF2D9DC9660037091B /* Travel Buddy App.app */ = {isa = PBXFileReference; explicitFileType = wrapper.application; includeInIndex = 0; path = "Travel Buddy App.app"; sourceTree = BUILT_PRODUCTS_DIR; };
		F806B91C2D9E14740006CB4D /* Travel Buddy App.xcodeproj */ = {isa = PBXFileReference; lastKnownFileType = "wrapper.pb-project"; path = "Travel Buddy App.xcodeproj"; sourceTree = "<group>"; };
/* End PBXFileReference section */

/* Begin PBXFileSystemSynchronizedBuildFileExceptionSet section */
		5532F9F12D9DC9670037091B /* Exceptions for "Travel Buddy App" folder in "Travel Buddy App" target */ = {
			isa = PBXFileSystemSynchronizedBuildFileExceptionSet;
			membershipExceptions = (
				Info.plist,
			);
			target = 5532F9DE2D9DC9660037091B /* Travel Buddy App */;
		};
/* End PBXFileSystemSynchronizedBuildFileExceptionSet section */

/* Begin PBXFileSystemSynchronizedRootGroup section */
		5532F9E12D9DC9660037091B /* Travel Buddy App */ = {
			isa = PBXFileSystemSynchronizedRootGroup;
			exceptions = (
				5532F9F12D9DC9670037091B /* Exceptions for "Travel Buddy App" folder in "Travel Buddy App" target */,
			);
			path = "Travel Buddy App";
			sourceTree = "<group>";
		};
/* End PBXFileSystemSynchronizedRootGroup section */

/* Begin PBXFrameworksBuildPhase section */
		5532F9DC2D9DC9660037091B /* Frameworks */ = {
			isa = PBXFrameworksBuildPhase;
			buildActionMask = 2147483647;
			files = (
				F84F37A22DBEBFE700AC93E5 /* FirebaseDatabase in Frameworks */,
				F8ED8E112DB72D1800E5CFFD /* FirebaseAnalytics in Frameworks */,
				F8ED8E172DB72D1800E5CFFD /* FirebaseCrashlytics in Frameworks */,
				F8ED8E152DB72D1800E5CFFD /* FirebaseCore in Frameworks */,
				F8ED8E192DB72D1800E5CFFD /* FirebaseFirestore in Frameworks */,
				F8ED8E132DB72D1800E5CFFD /* FirebaseAuth in Frameworks */,
			);
			runOnlyForDeploymentPostprocessing = 0;
		};
/* End PBXFrameworksBuildPhase section */

/* Begin PBXGroup section */
		5532F9D62D9DC9660037091B = {
			isa = PBXGroup;
			children = (
				5532F9E12D9DC9660037091B /* Travel Buddy App */,
				5532F9E02D9DC9660037091B /* Products */,
			);
			sourceTree = "<group>";
		};
		5532F9E02D9DC9660037091B /* Products */ = {
			isa = PBXGroup;
			children = (
				5532F9DF2D9DC9660037091B /* Travel Buddy App.app */,
			);
			name = Products;
			sourceTree = "<group>";
		};
		F806B91D2D9E14740006CB4D /* Products */ = {
			isa = PBXGroup;
			children = (
			);
			name = Products;
			sourceTree = "<group>";
		};
/* End PBXGroup section */

/* Begin PBXNativeTarget section */
		5532F9DE2D9DC9660037091B /* Travel Buddy App */ = {
			isa = PBXNativeTarget;
			buildConfigurationList = 5532F9F22D9DC9670037091B /* Build configuration list for PBXNativeTarget "Travel Buddy App" */;
			buildPhases = (
				5532F9DB2D9DC9660037091B /* Sources */,
				5532F9DC2D9DC9660037091B /* Frameworks */,
				5532F9DD2D9DC9660037091B /* Resources */,
			);
			buildRules = (
			);
			dependencies = (
			);
			fileSystemSynchronizedGroups = (
				5532F9E12D9DC9660037091B /* Travel Buddy App */,
			);
			name = "Travel Buddy App";
			packageProductDependencies = (
				F8ED8E102DB72D1800E5CFFD /* FirebaseAnalytics */,
				F8ED8E122DB72D1800E5CFFD /* FirebaseAuth */,
				F8ED8E142DB72D1800E5CFFD /* FirebaseCore */,
				F8ED8E162DB72D1800E5CFFD /* FirebaseCrashlytics */,
				F8ED8E182DB72D1800E5CFFD /* FirebaseFirestore */,
				F84F37A12DBEBFE700AC93E5 /* FirebaseDatabase */,
			);
			productName = "Travel Buddy App";
			productReference = 5532F9DF2D9DC9660037091B /* Travel Buddy App.app */;
			productType = "com.apple.product-type.application";
		};
/* End PBXNativeTarget section */

/* Begin PBXProject section */
		5532F9D72D9DC9660037091B /* Project object */ = {
			isa = PBXProject;
			attributes = {
				BuildIndependentTargetsInParallel = 1;
				LastSwiftUpdateCheck = 1620;
				LastUpgradeCheck = 1620;
				TargetAttributes = {
					5532F9DE2D9DC9660037091B = {
						CreatedOnToolsVersion = 16.2;
					};
				};
			};
			buildConfigurationList = 5532F9DA2D9DC9660037091B /* Build configuration list for PBXProject "Travel Buddy App" */;
			developmentRegion = en;
			hasScannedForEncodings = 0;
			knownRegions = (
				en,
				Base,
			);
			mainGroup = 5532F9D62D9DC9660037091B;
			minimizedProjectReferenceProxies = 1;
			packageReferences = (
				F8BFB7332DB72A69002D997D /* XCRemoteSwiftPackageReference "firebase-ios-sdk" */,
			);
			preferredProjectObjectVersion = 77;
			productRefGroup = 5532F9E02D9DC9660037091B /* Products */;
			projectDirPath = "";
			projectReferences = (
				{
					ProductGroup = F806B91D2D9E14740006CB4D /* Products */;
					ProjectRef = F806B91C2D9E14740006CB4D /* Travel Buddy App.xcodeproj */;
				},
			);
			projectRoot = "";
			targets = (
				5532F9DE2D9DC9660037091B /* Travel Buddy App */,
			);
		};
/* End PBXProject section */

/* Begin PBXResourcesBuildPhase section */
		5532F9DD2D9DC9660037091B /* Resources */ = {
			isa = PBXResourcesBuildPhase;
			buildActionMask = 2147483647;
			files = (
			);
			runOnlyForDeploymentPostprocessing = 0;
		};
/* End PBXResourcesBuildPhase section */

/* Begin PBXSourcesBuildPhase section */
		5532F9DB2D9DC9660037091B /* Sources */ = {
			isa = PBXSourcesBuildPhase;
			buildActionMask = 2147483647;
			files = (
			);
			runOnlyForDeploymentPostprocessing = 0;
		};
/* End PBXSourcesBuildPhase section */

/* Begin XCBuildConfiguration section */
		5532F9F32D9DC9670037091B /* Debug */ = {
			isa = XCBuildConfiguration;
			buildSettings = {
				ASSETCATALOG_COMPILER_APPICON_NAME = AppIcon;
				ASSETCATALOG_COMPILER_GLOBAL_ACCENT_COLOR_NAME = AccentColor;
				CODE_SIGN_STYLE = Automatic;
				CURRENT_PROJECT_VERSION = 1;
				GENERATE_INFOPLIST_FILE = YES;
				INFOPLIST_FILE = "Travel Buddy App/Info.plist";
				INFOPLIST_KEY_UIApplicationSupportsIndirectInputEvents = YES;
				INFOPLIST_KEY_UILaunchStoryboardName = LaunchScreen;
				INFOPLIST_KEY_UIMainStoryboardFile = Main;
				INFOPLIST_KEY_UISupportedInterfaceOrientations_iPad = "UIInterfaceOrientationPortrait UIInterfaceOrientationPortraitUpsideDown UIInterfaceOrientationLandscapeLeft UIInterfaceOrientationLandscapeRight";
				INFOPLIST_KEY_UISupportedInterfaceOrientations_iPhone = "UIInterfaceOrientationPortrait UIInterfaceOrientationLandscapeLeft UIInterfaceOrientationLandscapeRight";
				IPHONEOS_DEPLOYMENT_TARGET = 15.6;
				LD_RUNPATH_SEARCH_PATHS = (
					"$(inherited)",
					"@executable_path/Frameworks",
				);
				MARKETING_VERSION = 1.0;
				PRODUCT_BUNDLE_IDENTIFIER = "nwmsu.Travel-Buddy-App";
				PRODUCT_NAME = "$(TARGET_NAME)";
				SWIFT_EMIT_LOC_STRINGS = YES;
				SWIFT_VERSION = 5.0;
				TARGETED_DEVICE_FAMILY = "1,2";
			};
			name = Debug;
		};
		5532F9F42D9DC9670037091B /* Release */ = {
			isa = XCBuildConfiguration;
			buildSettings = {
				ASSETCATALOG_COMPILER_APPICON_NAME = AppIcon;
				ASSETCATALOG_COMPILER_GLOBAL_ACCENT_COLOR_NAME = AccentColor;
				CODE_SIGN_STYLE = Automatic;
				CURRENT_PROJECT_VERSION = 1;
				GENERATE_INFOPLIST_FILE = YES;
				INFOPLIST_FILE = "Travel Buddy App/Info.plist";
				INFOPLIST_KEY_UIApplicationSupportsIndirectInputEvents = YES;
				INFOPLIST_KEY_UILaunchStoryboardName = LaunchScreen;
				INFOPLIST_KEY_UIMainStoryboardFile = Main;
				INFOPLIST_KEY_UISupportedInterfaceOrientations_iPad = "UIInterfaceOrientationPortrait UIInterfaceOrientationPortraitUpsideDown UIInterfaceOrientationLandscapeLeft UIInterfaceOrientationLandscapeRight";
				INFOPLIST_KEY_UISupportedInterfaceOrientations_iPhone = "UIInterfaceOrientationPortrait UIInterfaceOrientationLandscapeLeft UIInterfaceOrientationLandscapeRight";
				IPHONEOS_DEPLOYMENT_TARGET = 15.6;
				LD_RUNPATH_SEARCH_PATHS = (
					"$(inherited)",
					"@executable_path/Frameworks",
				);
				MARKETING_VERSION = 1.0;
				PRODUCT_BUNDLE_IDENTIFIER = "nwmsu.Travel-Buddy-App";
				PRODUCT_NAME = "$(TARGET_NAME)";
				SWIFT_EMIT_LOC_STRINGS = YES;
				SWIFT_VERSION = 5.0;
				TARGETED_DEVICE_FAMILY = "1,2";
			};
			name = Release;
		};
		5532F9F52D9DC9670037091B /* Debug */ = {
			isa = XCBuildConfiguration;
			buildSettings = {
				ALWAYS_SEARCH_USER_PATHS = NO;
				ASSETCATALOG_COMPILER_GENERATE_SWIFT_ASSET_SYMBOL_EXTENSIONS = YES;
				CLANG_ANALYZER_NONNULL = YES;
				CLANG_ANALYZER_NUMBER_OBJECT_CONVERSION = YES_AGGRESSIVE;
				CLANG_CXX_LANGUAGE_STANDARD = "gnu++20";
				CLANG_ENABLE_MODULES = YES;
				CLANG_ENABLE_OBJC_ARC = YES;
				CLANG_ENABLE_OBJC_WEAK = YES;
				CLANG_WARN_BLOCK_CAPTURE_AUTORELEASING = YES;
				CLANG_WARN_BOOL_CONVERSION = YES;
				CLANG_WARN_COMMA = YES;
				CLANG_WARN_CONSTANT_CONVERSION = YES;
				CLANG_WARN_DEPRECATED_OBJC_IMPLEMENTATIONS = YES;
				CLANG_WARN_DIRECT_OBJC_ISA_USAGE = YES_ERROR;
				CLANG_WARN_DOCUMENTATION_COMMENTS = YES;
				CLANG_WARN_EMPTY_BODY = YES;
				CLANG_WARN_ENUM_CONVERSION = YES;
				CLANG_WARN_INFINITE_RECURSION = YES;
				CLANG_WARN_INT_CONVERSION = YES;
				CLANG_WARN_NON_LITERAL_NULL_CONVERSION = YES;
				CLANG_WARN_OBJC_IMPLICIT_RETAIN_SELF = YES;
				CLANG_WARN_OBJC_LITERAL_CONVERSION = YES;
				CLANG_WARN_OBJC_ROOT_CLASS = YES_ERROR;
				CLANG_WARN_QUOTED_INCLUDE_IN_FRAMEWORK_HEADER = YES;
				CLANG_WARN_RANGE_LOOP_ANALYSIS = YES;
				CLANG_WARN_STRICT_PROTOTYPES = YES;
				CLANG_WARN_SUSPICIOUS_MOVE = YES;
				CLANG_WARN_UNGUARDED_AVAILABILITY = YES_AGGRESSIVE;
				CLANG_WARN_UNREACHABLE_CODE = YES;
				CLANG_WARN__DUPLICATE_METHOD_MATCH = YES;
				COPY_PHASE_STRIP = NO;
				DEBUG_INFORMATION_FORMAT = dwarf;
				ENABLE_STRICT_OBJC_MSGSEND = YES;
				ENABLE_TESTABILITY = YES;
				ENABLE_USER_SCRIPT_SANDBOXING = YES;
				GCC_C_LANGUAGE_STANDARD = gnu17;
				GCC_DYNAMIC_NO_PIC = NO;
				GCC_NO_COMMON_BLOCKS = YES;
				GCC_OPTIMIZATION_LEVEL = 0;
				GCC_PREPROCESSOR_DEFINITIONS = (
					"DEBUG=1",
					"$(inherited)",
				);
				GCC_WARN_64_TO_32_BIT_CONVERSION = YES;
				GCC_WARN_ABOUT_RETURN_TYPE = YES_ERROR;
				GCC_WARN_UNDECLARED_SELECTOR = YES;
				GCC_WARN_UNINITIALIZED_AUTOS = YES_AGGRESSIVE;
				GCC_WARN_UNUSED_FUNCTION = YES;
				GCC_WARN_UNUSED_VARIABLE = YES;
				IPHONEOS_DEPLOYMENT_TARGET = 18.2;
				LOCALIZATION_PREFERS_STRING_CATALOGS = YES;
				MTL_ENABLE_DEBUG_INFO = INCLUDE_SOURCE;
				MTL_FAST_MATH = YES;
				ONLY_ACTIVE_ARCH = YES;
				SDKROOT = iphoneos;
				SWIFT_ACTIVE_COMPILATION_CONDITIONS = "DEBUG $(inherited)";
				SWIFT_OPTIMIZATION_LEVEL = "-Onone";
			};
			name = Debug;
		};
		5532F9F62D9DC9670037091B /* Release */ = {
			isa = XCBuildConfiguration;
			buildSettings = {
				ALWAYS_SEARCH_USER_PATHS = NO;
				ASSETCATALOG_COMPILER_GENERATE_SWIFT_ASSET_SYMBOL_EXTENSIONS = YES;
				CLANG_ANALYZER_NONNULL = YES;
				CLANG_ANALYZER_NUMBER_OBJECT_CONVERSION = YES_AGGRESSIVE;
				CLANG_CXX_LANGUAGE_STANDARD = "gnu++20";
				CLANG_ENABLE_MODULES = YES;
				CLANG_ENABLE_OBJC_ARC = YES;
				CLANG_ENABLE_OBJC_WEAK = YES;
				CLANG_WARN_BLOCK_CAPTURE_AUTORELEASING = YES;
				CLANG_WARN_BOOL_CONVERSION = YES;
				CLANG_WARN_COMMA = YES;
				CLANG_WARN_CONSTANT_CONVERSION = YES;
				CLANG_WARN_DEPRECATED_OBJC_IMPLEMENTATIONS = YES;
				CLANG_WARN_DIRECT_OBJC_ISA_USAGE = YES_ERROR;
				CLANG_WARN_DOCUMENTATION_COMMENTS = YES;
				CLANG_WARN_EMPTY_BODY = YES;
				CLANG_WARN_ENUM_CONVERSION = YES;
				CLANG_WARN_INFINITE_RECURSION = YES;
				CLANG_WARN_INT_CONVERSION = YES;
				CLANG_WARN_NON_LITERAL_NULL_CONVERSION = YES;
				CLANG_WARN_OBJC_IMPLICIT_RETAIN_SELF = YES;
				CLANG_WARN_OBJC_LITERAL_CONVERSION = YES;
				CLANG_WARN_OBJC_ROOT_CLASS = YES_ERROR;
				CLANG_WARN_QUOTED_INCLUDE_IN_FRAMEWORK_HEADER = YES;
				CLANG_WARN_RANGE_LOOP_ANALYSIS = YES;
				CLANG_WARN_STRICT_PROTOTYPES = YES;
				CLANG_WARN_SUSPICIOUS_MOVE = YES;
				CLANG_WARN_UNGUARDED_AVAILABILITY = YES_AGGRESSIVE;
				CLANG_WARN_UNREACHABLE_CODE = YES;
				CLANG_WARN__DUPLICATE_METHOD_MATCH = YES;
				COPY_PHASE_STRIP = NO;
				DEBUG_INFORMATION_FORMAT = "dwarf-with-dsym";
				ENABLE_NS_ASSERTIONS = NO;
				ENABLE_STRICT_OBJC_MSGSEND = YES;
				ENABLE_USER_SCRIPT_SANDBOXING = YES;
				GCC_C_LANGUAGE_STANDARD = gnu17;
				GCC_NO_COMMON_BLOCKS = YES;
				GCC_WARN_64_TO_32_BIT_CONVERSION = YES;
				GCC_WARN_ABOUT_RETURN_TYPE = YES_ERROR;
				GCC_WARN_UNDECLARED_SELECTOR = YES;
				GCC_WARN_UNINITIALIZED_AUTOS = YES_AGGRESSIVE;
				GCC_WARN_UNUSED_FUNCTION = YES;
				GCC_WARN_UNUSED_VARIABLE = YES;
				IPHONEOS_DEPLOYMENT_TARGET = 18.2;
				LOCALIZATION_PREFERS_STRING_CATALOGS = YES;
				MTL_ENABLE_DEBUG_INFO = NO;
				MTL_FAST_MATH = YES;
				SDKROOT = iphoneos;
				SWIFT_COMPILATION_MODE = wholemodule;
				VALIDATE_PRODUCT = YES;
			};
			name = Release;
		};
/* End XCBuildConfiguration section */

/* Begin XCConfigurationList section */
		5532F9DA2D9DC9660037091B /* Build configuration list for PBXProject "Travel Buddy App" */ = {
			isa = XCConfigurationList;
			buildConfigurations = (
				5532F9F52D9DC9670037091B /* Debug */,
				5532F9F62D9DC9670037091B /* Release */,
			);
			defaultConfigurationIsVisible = 0;
			defaultConfigurationName = Release;
		};
		5532F9F22D9DC9670037091B /* Build configuration list for PBXNativeTarget "Travel Buddy App" */ = {
			isa = XCConfigurationList;
			buildConfigurations = (
				5532F9F32D9DC9670037091B /* Debug */,
				5532F9F42D9DC9670037091B /* Release */,
			);
			defaultConfigurationIsVisible = 0;
			defaultConfigurationName = Release;
		};
/* End XCConfigurationList section */

/* Begin XCRemoteSwiftPackageReference section */
		F8BFB7332DB72A69002D997D /* XCRemoteSwiftPackageReference "firebase-ios-sdk" */ = {
			isa = XCRemoteSwiftPackageReference;
			repositoryURL = "https://github.com/firebase/firebase-ios-sdk";
			requirement = {
				kind = upToNextMajorVersion;
				minimumVersion = 11.12.0;
			};
		};
/* End XCRemoteSwiftPackageReference section */

/* Begin XCSwiftPackageProductDependency section */
		F84F37A12DBEBFE700AC93E5 /* FirebaseDatabase */ = {
			isa = XCSwiftPackageProductDependency;
			package = F8BFB7332DB72A69002D997D /* XCRemoteSwiftPackageReference "firebase-ios-sdk" */;
			productName = FirebaseDatabase;
		};
		F8ED8E102DB72D1800E5CFFD /* FirebaseAnalytics */ = {
			isa = XCSwiftPackageProductDependency;
			package = F8BFB7332DB72A69002D997D /* XCRemoteSwiftPackageReference "firebase-ios-sdk" */;
			productName = FirebaseAnalytics;
		};
		F8ED8E122DB72D1800E5CFFD /* FirebaseAuth */ = {
			isa = XCSwiftPackageProductDependency;
			package = F8BFB7332DB72A69002D997D /* XCRemoteSwiftPackageReference "firebase-ios-sdk" */;
			productName = FirebaseAuth;
		};
		F8ED8E142DB72D1800E5CFFD /* FirebaseCore */ = {
			isa = XCSwiftPackageProductDependency;
			package = F8BFB7332DB72A69002D997D /* XCRemoteSwiftPackageReference "firebase-ios-sdk" */;
			productName = FirebaseCore;
		};
		F8ED8E162DB72D1800E5CFFD /* FirebaseCrashlytics */ = {
			isa = XCSwiftPackageProductDependency;
			package = F8BFB7332DB72A69002D997D /* XCRemoteSwiftPackageReference "firebase-ios-sdk" */;
			productName = FirebaseCrashlytics;
		};
		F8ED8E182DB72D1800E5CFFD /* FirebaseFirestore */ = {
			isa = XCSwiftPackageProductDependency;
			package = F8BFB7332DB72A69002D997D /* XCRemoteSwiftPackageReference "firebase-ios-sdk" */;
			productName = FirebaseFirestore;
		};
/* End XCSwiftPackageProductDependency section */
	};
	rootObject = 5532F9D72D9DC9660037091B /* Project object */;
}
